// !$*UTF8*$!
{
	archiveVersion = 1;
	classes = {
	};
	objectVersion = 56;
	objects = {

/* Begin PBXBuildFile section */
		4900A2A52BC13E780067FE0D /* MainTabBar in Frameworks */ = {isa = PBXBuildFile; productRef = 4900A2A42BC13E780067FE0D /* MainTabBar */; };
		4903F7332BB9799100578062 /* Training in Frameworks */ = {isa = PBXBuildFile; productRef = 4903F7322BB9799100578062 /* Training */; };
		4915A0DB2BB97A4500751B6C /* Networking in Frameworks */ = {isa = PBXBuildFile; productRef = 4915A0DA2BB97A4500751B6C /* Networking */; };
		4915A0DD2BB97A5700751B6C /* Video in Frameworks */ = {isa = PBXBuildFile; productRef = 4915A0DC2BB97A5700751B6C /* Video */; };
		492C5B992BA981E40018E008 /* Images.xcassets in Resources */ = {isa = PBXBuildFile; fileRef = 492C5B982BA981E40018E008 /* Images.xcassets */; };
		4946D6BC2BA814E500558F8A /* WordsFactoryApp.swift in Sources */ = {isa = PBXBuildFile; fileRef = 4946D6BB2BA814E500558F8A /* WordsFactoryApp.swift */; };
		4946D6C32BA814E600558F8A /* Preview Assets.xcassets in Resources */ = {isa = PBXBuildFile; fileRef = 4946D6C22BA814E600558F8A /* Preview Assets.xcassets */; };
		4958763F2BB6B2F7008D7A1D /* AppFactory.swift in Sources */ = {isa = PBXBuildFile; fileRef = 4958763E2BB6B2F7008D7A1D /* AppFactory.swift */; };
		495876412BB6CB5C008D7A1D /* AppCoordinator.swift in Sources */ = {isa = PBXBuildFile; fileRef = 495876402BB6CB5C008D7A1D /* AppCoordinator.swift */; };
		4990F6E52BBC193F009F5086 /* WordModule in Frameworks */ = {isa = PBXBuildFile; productRef = 4990F6E42BBC193F009F5086 /* WordModule */; };
		49CAC3082BB978D500A09571 /* Auth in Frameworks */ = {isa = PBXBuildFile; productRef = 49CAC3072BB978D500A09571 /* Auth */; };
		49CAC30A2BB978D500A09571 /* CommonUI in Frameworks */ = {isa = PBXBuildFile; productRef = 49CAC3092BB978D500A09571 /* CommonUI */; };
		49CAC30C2BB978D500A09571 /* Dictionary in Frameworks */ = {isa = PBXBuildFile; productRef = 49CAC30B2BB978D500A09571 /* Dictionary */; };
		49CAC30E2BB978D500A09571 /* OnBoarding in Frameworks */ = {isa = PBXBuildFile; productRef = 49CAC30D2BB978D500A09571 /* OnBoarding */; };
		49FCDC242BAFF8CC00418DCB /* GoogleService-Info.plist in Resources */ = {isa = PBXBuildFile; fileRef = 49FCDC222BAFF77800418DCB /* GoogleService-Info.plist */; };
/* End PBXBuildFile section */

/* Begin PBXFileReference section */
		490BF2072BB28D6D0023C80C /* Dictionary */ = {isa = PBXFileReference; lastKnownFileType = wrapper; path = Dictionary; sourceTree = "<group>"; };
		490C6FDD2BAA1C66002A8BC6 /* CommonUI */ = {isa = PBXFileReference; lastKnownFileType = wrapper; path = CommonUI; sourceTree = "<group>"; };
		490C6FDE2BAA1C68002A8BC6 /* OnBoarding */ = {isa = PBXFileReference; lastKnownFileType = wrapper; path = OnBoarding; sourceTree = "<group>"; };
		492C5B982BA981E40018E008 /* Images.xcassets */ = {isa = PBXFileReference; lastKnownFileType = folder.assetcatalog; path = Images.xcassets; sourceTree = "<group>"; };
		4933AA4C2BB0996300515FAC /* Networking */ = {isa = PBXFileReference; lastKnownFileType = wrapper; path = Networking; sourceTree = "<group>"; };
		4946D6B82BA814E500558F8A /* WordsFactory.app */ = {isa = PBXFileReference; explicitFileType = wrapper.application; includeInIndex = 0; path = WordsFactory.app; sourceTree = BUILT_PRODUCTS_DIR; };
		4946D6BB2BA814E500558F8A /* WordsFactoryApp.swift */ = {isa = PBXFileReference; lastKnownFileType = sourcecode.swift; path = WordsFactoryApp.swift; sourceTree = "<group>"; };
		4946D6C22BA814E600558F8A /* Preview Assets.xcassets */ = {isa = PBXFileReference; lastKnownFileType = folder.assetcatalog; path = "Preview Assets.xcassets"; sourceTree = "<group>"; };
		4949DEC02BAB5FDA0094AD9D /* Info.plist */ = {isa = PBXFileReference; lastKnownFileType = text.plist.xml; path = Info.plist; sourceTree = "<group>"; };
		495876332BB6A1AF008D7A1D /* NetworkingAPI */ = {isa = PBXFileReference; lastKnownFileType = wrapper; path = NetworkingAPI; sourceTree = "<group>"; };
		4958763E2BB6B2F7008D7A1D /* AppFactory.swift */ = {isa = PBXFileReference; lastKnownFileType = sourcecode.swift; path = AppFactory.swift; sourceTree = "<group>"; };
		495876402BB6CB5C008D7A1D /* AppCoordinator.swift */ = {isa = PBXFileReference; lastKnownFileType = sourcecode.swift; path = AppCoordinator.swift; sourceTree = "<group>"; };
		495876422BB70B9F008D7A1D /* DictionaryAPI */ = {isa = PBXFileReference; lastKnownFileType = wrapper; path = DictionaryAPI; sourceTree = "<group>"; };
		4964B44F2BBC131600D849FC /* WordModule */ = {isa = PBXFileReference; lastKnownFileType = wrapper; path = WordModule; sourceTree = "<group>"; };
		4991A2CC2BBC268A005EC551 /* WordModuleAPI */ = {isa = PBXFileReference; lastKnownFileType = wrapper; path = WordModuleAPI; sourceTree = "<group>"; };
		49CAC3012BB935CF00A09571 /* Video */ = {isa = PBXFileReference; lastKnownFileType = wrapper; path = Video; sourceTree = "<group>"; };
		49CAC3042BB9583C00A09571 /* VideoAPI */ = {isa = PBXFileReference; lastKnownFileType = wrapper; path = VideoAPI; sourceTree = "<group>"; };
		49CAC3052BB9755900A09571 /* TrainingAPI */ = {isa = PBXFileReference; lastKnownFileType = wrapper; path = TrainingAPI; sourceTree = "<group>"; };
		49CAC3062BB9771700A09571 /* Training */ = {isa = PBXFileReference; lastKnownFileType = wrapper; path = Training; sourceTree = "<group>"; };
		49CDBECA2BC12C0E00762BBD /* MainTabBar */ = {isa = PBXFileReference; lastKnownFileType = wrapper; path = MainTabBar; sourceTree = "<group>"; };
		49F733512BADB2C40012AF9B /* Auth */ = {isa = PBXFileReference; lastKnownFileType = wrapper; path = Auth; sourceTree = "<group>"; };
		49FCDC222BAFF77800418DCB /* GoogleService-Info.plist */ = {isa = PBXFileReference; lastKnownFileType = text.plist.xml; path = "GoogleService-Info.plist"; sourceTree = "<group>"; };
/* End PBXFileReference section */

/* Begin PBXFrameworksBuildPhase section */
		4946D6B52BA814E500558F8A /* Frameworks */ = {
			isa = PBXFrameworksBuildPhase;
			buildActionMask = 2147483647;
			files = (
				4915A0DB2BB97A4500751B6C /* Networking in Frameworks */,
				4903F7332BB9799100578062 /* Training in Frameworks */,
				49CAC3082BB978D500A09571 /* Auth in Frameworks */,
				49CAC30E2BB978D500A09571 /* OnBoarding in Frameworks */,
				4990F6E52BBC193F009F5086 /* WordModule in Frameworks */,
				4900A2A52BC13E780067FE0D /* MainTabBar in Frameworks */,
				49CAC30C2BB978D500A09571 /* Dictionary in Frameworks */,
				49CAC30A2BB978D500A09571 /* CommonUI in Frameworks */,
				4915A0DD2BB97A5700751B6C /* Video in Frameworks */,
			);
			runOnlyForDeploymentPostprocessing = 0;
		};
/* End PBXFrameworksBuildPhase section */

/* Begin PBXGroup section */
		492C5B952BA981930018E008 /* Application */ = {
			isa = PBXGroup;
			children = (
				4946D6BB2BA814E500558F8A /* WordsFactoryApp.swift */,
				4958763E2BB6B2F7008D7A1D /* AppFactory.swift */,
				495876402BB6CB5C008D7A1D /* AppCoordinator.swift */,
			);
			path = Application;
			sourceTree = "<group>";
		};
		492C5B962BA981BD0018E008 /* Sources */ = {
			isa = PBXGroup;
			children = (
				492C5B952BA981930018E008 /* Application */,
				4964B44E2BBC12EE00D849FC /* Shared */,
				4998964E2BAA1FF00078B41B /* Core */,
				4998964F2BAA1FF50078B41B /* Features */,
			);
			path = Sources;
			sourceTree = "<group>";
		};
		492C5B972BA981C90018E008 /* Resources */ = {
			isa = PBXGroup;
			children = (
				49FCDC222BAFF77800418DCB /* GoogleService-Info.plist */,
				4949DEC02BAB5FDA0094AD9D /* Info.plist */,
				492C5B982BA981E40018E008 /* Images.xcassets */,
				4946D6C12BA814E600558F8A /* Preview Content */,
			);
			path = Resources;
			sourceTree = "<group>";
		};
		492C5B9D2BA989FD0018E008 /* Frameworks */ = {
			isa = PBXGroup;
			children = (
			);
			name = Frameworks;
			sourceTree = "<group>";
		};
		4946D6AF2BA814E500558F8A = {
			isa = PBXGroup;
			children = (
				4946D6BA2BA814E500558F8A /* WordsFactory */,
				4946D6B92BA814E500558F8A /* Products */,
				492C5B9D2BA989FD0018E008 /* Frameworks */,
			);
			sourceTree = "<group>";
		};
		4946D6B92BA814E500558F8A /* Products */ = {
			isa = PBXGroup;
			children = (
				4946D6B82BA814E500558F8A /* WordsFactory.app */,
			);
			name = Products;
			sourceTree = "<group>";
		};
		4946D6BA2BA814E500558F8A /* WordsFactory */ = {
			isa = PBXGroup;
			children = (
				492C5B972BA981C90018E008 /* Resources */,
				492C5B962BA981BD0018E008 /* Sources */,
			);
			path = WordsFactory;
			sourceTree = "<group>";
		};
		4946D6C12BA814E600558F8A /* Preview Content */ = {
			isa = PBXGroup;
			children = (
				4946D6C22BA814E600558F8A /* Preview Assets.xcassets */,
			);
			path = "Preview Content";
			sourceTree = "<group>";
		};
		495876312BB69F2B008D7A1D /* API */ = {
			isa = PBXGroup;
			children = (
				495876332BB6A1AF008D7A1D /* NetworkingAPI */,
			);
			path = API;
			sourceTree = "<group>";
		};
		495876382BB6AEB0008D7A1D /* API */ = {
			isa = PBXGroup;
			children = (
				49CAC3052BB9755900A09571 /* TrainingAPI */,
				49CAC3042BB9583C00A09571 /* VideoAPI */,
				495876422BB70B9F008D7A1D /* DictionaryAPI */,
			);
			path = API;
			sourceTree = "<group>";
		};
		4964B44E2BBC12EE00D849FC /* Shared */ = {
			isa = PBXGroup;
			children = (
				4991A2CB2BBC2675005EC551 /* API */,
				4964B44F2BBC131600D849FC /* WordModule */,
			);
			path = Shared;
			sourceTree = "<group>";
		};
		4991A2CB2BBC2675005EC551 /* API */ = {
			isa = PBXGroup;
			children = (
				4991A2CC2BBC268A005EC551 /* WordModuleAPI */,
			);
			path = API;
			sourceTree = "<group>";
		};
		4998964E2BAA1FF00078B41B /* Core */ = {
			isa = PBXGroup;
			children = (
				495876312BB69F2B008D7A1D /* API */,
				4933AA4C2BB0996300515FAC /* Networking */,
				490C6FDD2BAA1C66002A8BC6 /* CommonUI */,
			);
			path = Core;
			sourceTree = "<group>";
		};
		4998964F2BAA1FF50078B41B /* Features */ = {
			isa = PBXGroup;
			children = (
				495876382BB6AEB0008D7A1D /* API */,
				49CDBECA2BC12C0E00762BBD /* MainTabBar */,
				49CAC3062BB9771700A09571 /* Training */,
				49CAC3012BB935CF00A09571 /* Video */,
				490BF2072BB28D6D0023C80C /* Dictionary */,
				49F733512BADB2C40012AF9B /* Auth */,
				490C6FDE2BAA1C68002A8BC6 /* OnBoarding */,
			);
			path = Features;
			sourceTree = "<group>";
		};
/* End PBXGroup section */

/* Begin PBXNativeTarget section */
		4946D6B72BA814E500558F8A /* WordsFactory */ = {
			isa = PBXNativeTarget;
			buildConfigurationList = 4946D6C62BA814E600558F8A /* Build configuration list for PBXNativeTarget "WordsFactory" */;
			buildPhases = (
				4946D6B42BA814E500558F8A /* Sources */,
				4946D6B52BA814E500558F8A /* Frameworks */,
				4946D6B62BA814E500558F8A /* Resources */,
			);
			buildRules = (
			);
			dependencies = (
			);
			name = WordsFactory;
			packageProductDependencies = (
				49CAC3072BB978D500A09571 /* Auth */,
				49CAC3092BB978D500A09571 /* CommonUI */,
				49CAC30B2BB978D500A09571 /* Dictionary */,
				49CAC30D2BB978D500A09571 /* OnBoarding */,
				4903F7322BB9799100578062 /* Training */,
				4915A0DA2BB97A4500751B6C /* Networking */,
				4915A0DC2BB97A5700751B6C /* Video */,
				4990F6E42BBC193F009F5086 /* WordModule */,
				4900A2A42BC13E780067FE0D /* MainTabBar */,
			);
			productName = WordsFactory;
			productReference = 4946D6B82BA814E500558F8A /* WordsFactory.app */;
			productType = "com.apple.product-type.application";
		};
/* End PBXNativeTarget section */

/* Begin PBXProject section */
		4946D6B02BA814E500558F8A /* Project object */ = {
			isa = PBXProject;
			attributes = {
				BuildIndependentTargetsInParallel = 1;
				LastSwiftUpdateCheck = 1530;
				LastUpgradeCheck = 1530;
				TargetAttributes = {
					4946D6B72BA814E500558F8A = {
						CreatedOnToolsVersion = 15.3;
					};
				};
			};
			buildConfigurationList = 4946D6B32BA814E500558F8A /* Build configuration list for PBXProject "WordsFactory" */;
			compatibilityVersion = "Xcode 14.0";
			developmentRegion = en;
			hasScannedForEncodings = 0;
			knownRegions = (
				en,
				ru,
				Base,
			);
			mainGroup = 4946D6AF2BA814E500558F8A;
			packageReferences = (
			);
			productRefGroup = 4946D6B92BA814E500558F8A /* Products */;
			projectDirPath = "";
			projectRoot = "";
			targets = (
				4946D6B72BA814E500558F8A /* WordsFactory */,
			);
		};
/* End PBXProject section */

/* Begin PBXResourcesBuildPhase section */
		4946D6B62BA814E500558F8A /* Resources */ = {
			isa = PBXResourcesBuildPhase;
			buildActionMask = 2147483647;
			files = (
				492C5B992BA981E40018E008 /* Images.xcassets in Resources */,
				4946D6C32BA814E600558F8A /* Preview Assets.xcassets in Resources */,
				49FCDC242BAFF8CC00418DCB /* GoogleService-Info.plist in Resources */,
			);
			runOnlyForDeploymentPostprocessing = 0;
		};
/* End PBXResourcesBuildPhase section */

/* Begin PBXSourcesBuildPhase section */
		4946D6B42BA814E500558F8A /* Sources */ = {
			isa = PBXSourcesBuildPhase;
			buildActionMask = 2147483647;
			files = (
				495876412BB6CB5C008D7A1D /* AppCoordinator.swift in Sources */,
				4958763F2BB6B2F7008D7A1D /* AppFactory.swift in Sources */,
				4946D6BC2BA814E500558F8A /* WordsFactoryApp.swift in Sources */,
			);
			runOnlyForDeploymentPostprocessing = 0;
		};
/* End PBXSourcesBuildPhase section */

/* Begin XCBuildConfiguration section */
		4946D6C42BA814E600558F8A /* Debug */ = {
			isa = XCBuildConfiguration;
			buildSettings = {
				ALWAYS_SEARCH_USER_PATHS = NO;
				ASSETCATALOG_COMPILER_GENERATE_SWIFT_ASSET_SYMBOL_EXTENSIONS = YES;
				CLANG_ANALYZER_NONNULL = YES;
				CLANG_ANALYZER_NUMBER_OBJECT_CONVERSION = YES_AGGRESSIVE;
				CLANG_CXX_LANGUAGE_STANDARD = "gnu++20";
				CLANG_ENABLE_MODULES = YES;
				CLANG_ENABLE_OBJC_ARC = YES;
				CLANG_ENABLE_OBJC_WEAK = YES;
				CLANG_WARN_BLOCK_CAPTURE_AUTORELEASING = YES;
				CLANG_WARN_BOOL_CONVERSION = YES;
				CLANG_WARN_COMMA = YES;
				CLANG_WARN_CONSTANT_CONVERSION = YES;
				CLANG_WARN_DEPRECATED_OBJC_IMPLEMENTATIONS = YES;
				CLANG_WARN_DIRECT_OBJC_ISA_USAGE = YES_ERROR;
				CLANG_WARN_DOCUMENTATION_COMMENTS = YES;
				CLANG_WARN_EMPTY_BODY = YES;
				CLANG_WARN_ENUM_CONVERSION = YES;
				CLANG_WARN_INFINITE_RECURSION = YES;
				CLANG_WARN_INT_CONVERSION = YES;
				CLANG_WARN_NON_LITERAL_NULL_CONVERSION = YES;
				CLANG_WARN_OBJC_IMPLICIT_RETAIN_SELF = YES;
				CLANG_WARN_OBJC_LITERAL_CONVERSION = YES;
				CLANG_WARN_OBJC_ROOT_CLASS = YES_ERROR;
				CLANG_WARN_QUOTED_INCLUDE_IN_FRAMEWORK_HEADER = YES;
				CLANG_WARN_RANGE_LOOP_ANALYSIS = YES;
				CLANG_WARN_STRICT_PROTOTYPES = YES;
				CLANG_WARN_SUSPICIOUS_MOVE = YES;
				CLANG_WARN_UNGUARDED_AVAILABILITY = YES_AGGRESSIVE;
				CLANG_WARN_UNREACHABLE_CODE = YES;
				CLANG_WARN__DUPLICATE_METHOD_MATCH = YES;
				COPY_PHASE_STRIP = NO;
				DEBUG_INFORMATION_FORMAT = dwarf;
				ENABLE_STRICT_OBJC_MSGSEND = YES;
				ENABLE_TESTABILITY = YES;
				ENABLE_USER_SCRIPT_SANDBOXING = YES;
				GCC_C_LANGUAGE_STANDARD = gnu17;
				GCC_DYNAMIC_NO_PIC = NO;
				GCC_NO_COMMON_BLOCKS = YES;
				GCC_OPTIMIZATION_LEVEL = 0;
				GCC_PREPROCESSOR_DEFINITIONS = (
					"DEBUG=1",
					"$(inherited)",
				);
				GCC_WARN_64_TO_32_BIT_CONVERSION = YES;
				GCC_WARN_ABOUT_RETURN_TYPE = YES_ERROR;
				GCC_WARN_UNDECLARED_SELECTOR = YES;
				GCC_WARN_UNINITIALIZED_AUTOS = YES_AGGRESSIVE;
				GCC_WARN_UNUSED_FUNCTION = YES;
				GCC_WARN_UNUSED_VARIABLE = YES;
				IPHONEOS_DEPLOYMENT_TARGET = 15.0;
				LOCALIZATION_PREFERS_STRING_CATALOGS = YES;
				MTL_ENABLE_DEBUG_INFO = INCLUDE_SOURCE;
				MTL_FAST_MATH = YES;
				ONLY_ACTIVE_ARCH = YES;
				SDKROOT = iphoneos;
				SWIFT_ACTIVE_COMPILATION_CONDITIONS = "DEBUG $(inherited)";
				SWIFT_OPTIMIZATION_LEVEL = "-Onone";
			};
			name = Debug;
		};
		4946D6C52BA814E600558F8A /* Release */ = {
			isa = XCBuildConfiguration;
			buildSettings = {
				ALWAYS_SEARCH_USER_PATHS = NO;
				ASSETCATALOG_COMPILER_GENERATE_SWIFT_ASSET_SYMBOL_EXTENSIONS = YES;
				CLANG_ANALYZER_NONNULL = YES;
				CLANG_ANALYZER_NUMBER_OBJECT_CONVERSION = YES_AGGRESSIVE;
				CLANG_CXX_LANGUAGE_STANDARD = "gnu++20";
				CLANG_ENABLE_MODULES = YES;
				CLANG_ENABLE_OBJC_ARC = YES;
				CLANG_ENABLE_OBJC_WEAK = YES;
				CLANG_WARN_BLOCK_CAPTURE_AUTORELEASING = YES;
				CLANG_WARN_BOOL_CONVERSION = YES;
				CLANG_WARN_COMMA = YES;
				CLANG_WARN_CONSTANT_CONVERSION = YES;
				CLANG_WARN_DEPRECATED_OBJC_IMPLEMENTATIONS = YES;
				CLANG_WARN_DIRECT_OBJC_ISA_USAGE = YES_ERROR;
				CLANG_WARN_DOCUMENTATION_COMMENTS = YES;
				CLANG_WARN_EMPTY_BODY = YES;
				CLANG_WARN_ENUM_CONVERSION = YES;
				CLANG_WARN_INFINITE_RECURSION = YES;
				CLANG_WARN_INT_CONVERSION = YES;
				CLANG_WARN_NON_LITERAL_NULL_CONVERSION = YES;
				CLANG_WARN_OBJC_IMPLICIT_RETAIN_SELF = YES;
				CLANG_WARN_OBJC_LITERAL_CONVERSION = YES;
				CLANG_WARN_OBJC_ROOT_CLASS = YES_ERROR;
				CLANG_WARN_QUOTED_INCLUDE_IN_FRAMEWORK_HEADER = YES;
				CLANG_WARN_RANGE_LOOP_ANALYSIS = YES;
				CLANG_WARN_STRICT_PROTOTYPES = YES;
				CLANG_WARN_SUSPICIOUS_MOVE = YES;
				CLANG_WARN_UNGUARDED_AVAILABILITY = YES_AGGRESSIVE;
				CLANG_WARN_UNREACHABLE_CODE = YES;
				CLANG_WARN__DUPLICATE_METHOD_MATCH = YES;
				COPY_PHASE_STRIP = NO;
				DEBUG_INFORMATION_FORMAT = "dwarf-with-dsym";
				ENABLE_NS_ASSERTIONS = NO;
				ENABLE_STRICT_OBJC_MSGSEND = YES;
				ENABLE_USER_SCRIPT_SANDBOXING = YES;
				GCC_C_LANGUAGE_STANDARD = gnu17;
				GCC_NO_COMMON_BLOCKS = YES;
				GCC_WARN_64_TO_32_BIT_CONVERSION = YES;
				GCC_WARN_ABOUT_RETURN_TYPE = YES_ERROR;
				GCC_WARN_UNDECLARED_SELECTOR = YES;
				GCC_WARN_UNINITIALIZED_AUTOS = YES_AGGRESSIVE;
				GCC_WARN_UNUSED_FUNCTION = YES;
				GCC_WARN_UNUSED_VARIABLE = YES;
				IPHONEOS_DEPLOYMENT_TARGET = 15.0;
				LOCALIZATION_PREFERS_STRING_CATALOGS = YES;
				MTL_ENABLE_DEBUG_INFO = NO;
				MTL_FAST_MATH = YES;
				SDKROOT = iphoneos;
				SWIFT_COMPILATION_MODE = wholemodule;
				VALIDATE_PRODUCT = YES;
			};
			name = Release;
		};
		4946D6C72BA814E600558F8A /* Debug */ = {
			isa = XCBuildConfiguration;
			buildSettings = {
				ASSETCATALOG_COMPILER_APPICON_NAME = AppIcon;
				ASSETCATALOG_COMPILER_GLOBAL_ACCENT_COLOR_NAME = AccentColor;
				CODE_SIGN_STYLE = Automatic;
				CURRENT_PROJECT_VERSION = 1;
				DEVELOPMENT_ASSET_PATHS = "WordsFactory/Resources/Preview\\ Content";
				DEVELOPMENT_TEAM = 9KT4MKX52L;
				ENABLE_PREVIEWS = YES;
				GENERATE_INFOPLIST_FILE = YES;
				INFOPLIST_FILE = WordsFactory/Resources/Info.plist;
				INFOPLIST_KEY_LSApplicationCategoryType = "public.app-category.education";
				INFOPLIST_KEY_UIApplicationSceneManifest_Generation = YES;
				INFOPLIST_KEY_UIApplicationSupportsIndirectInputEvents = YES;
				INFOPLIST_KEY_UILaunchScreen_Generation = YES;
				INFOPLIST_KEY_UISupportedInterfaceOrientations = UIInterfaceOrientationPortrait;
				INFOPLIST_KEY_UISupportedInterfaceOrientations_iPad = "UIInterfaceOrientationLandscapeLeft UIInterfaceOrientationLandscapeRight UIInterfaceOrientationPortrait UIInterfaceOrientationPortraitUpsideDown";
				IPHONEOS_DEPLOYMENT_TARGET = 15.0;
				LD_RUNPATH_SEARCH_PATHS = (
					"$(inherited)",
					"@executable_path/Frameworks",
				);
				MARKETING_VERSION = 1.0;
				PRODUCT_BUNDLE_IDENTIFIER = sem.WordsFactory;
				PRODUCT_NAME = WordsFactory;
				SWIFT_EMIT_LOC_STRINGS = YES;
				SWIFT_VERSION = 5.0;
				TARGETED_DEVICE_FAMILY = "1,2";
			};
			name = Debug;
		};
		4946D6C82BA814E600558F8A /* Release */ = {
			isa = XCBuildConfiguration;
			buildSettings = {
				ASSETCATALOG_COMPILER_APPICON_NAME = AppIcon;
				ASSETCATALOG_COMPILER_GLOBAL_ACCENT_COLOR_NAME = AccentColor;
				CODE_SIGN_STYLE = Automatic;
				CURRENT_PROJECT_VERSION = 1;
				DEVELOPMENT_ASSET_PATHS = "WordsFactory/Resources/Preview\\ Content";
				DEVELOPMENT_TEAM = 9KT4MKX52L;
				ENABLE_PREVIEWS = YES;
				GENERATE_INFOPLIST_FILE = YES;
				INFOPLIST_FILE = WordsFactory/Resources/Info.plist;
				INFOPLIST_KEY_LSApplicationCategoryType = "public.app-category.education";
				INFOPLIST_KEY_UIApplicationSceneManifest_Generation = YES;
				INFOPLIST_KEY_UIApplicationSupportsIndirectInputEvents = YES;
				INFOPLIST_KEY_UILaunchScreen_Generation = YES;
				INFOPLIST_KEY_UISupportedInterfaceOrientations = UIInterfaceOrientationPortrait;
				INFOPLIST_KEY_UISupportedInterfaceOrientations_iPad = "UIInterfaceOrientationLandscapeLeft UIInterfaceOrientationLandscapeRight UIInterfaceOrientationPortrait UIInterfaceOrientationPortraitUpsideDown";
				IPHONEOS_DEPLOYMENT_TARGET = 15.0;
				LD_RUNPATH_SEARCH_PATHS = (
					"$(inherited)",
					"@executable_path/Frameworks",
				);
				MARKETING_VERSION = 1.0;
				PRODUCT_BUNDLE_IDENTIFIER = sem.WordsFactory;
				PRODUCT_NAME = WordsFactory;
				SWIFT_EMIT_LOC_STRINGS = YES;
				SWIFT_VERSION = 5.0;
				TARGETED_DEVICE_FAMILY = "1,2";
			};
			name = Release;
		};
/* End XCBuildConfiguration section */

/* Begin XCConfigurationList section */
		4946D6B32BA814E500558F8A /* Build configuration list for PBXProject "WordsFactory" */ = {
			isa = XCConfigurationList;
			buildConfigurations = (
				4946D6C42BA814E600558F8A /* Debug */,
				4946D6C52BA814E600558F8A /* Release */,
			);
			defaultConfigurationIsVisible = 0;
			defaultConfigurationName = Release;
		};
		4946D6C62BA814E600558F8A /* Build configuration list for PBXNativeTarget "WordsFactory" */ = {
			isa = XCConfigurationList;
			buildConfigurations = (
				4946D6C72BA814E600558F8A /* Debug */,
				4946D6C82BA814E600558F8A /* Release */,
			);
			defaultConfigurationIsVisible = 0;
			defaultConfigurationName = Release;
		};
/* End XCConfigurationList section */

/* Begin XCSwiftPackageProductDependency section */
		4900A2A42BC13E780067FE0D /* MainTabBar */ = {
			isa = XCSwiftPackageProductDependency;
			productName = MainTabBar;
		};
		4903F7322BB9799100578062 /* Training */ = {
			isa = XCSwiftPackageProductDependency;
			productName = Training;
		};
		4915A0DA2BB97A4500751B6C /* Networking */ = {
			isa = XCSwiftPackageProductDependency;
			productName = Networking;
		};
		4915A0DC2BB97A5700751B6C /* Video */ = {
			isa = XCSwiftPackageProductDependency;
			productName = Video;
		};
		4990F6E42BBC193F009F5086 /* WordModule */ = {
			isa = XCSwiftPackageProductDependency;
			productName = WordModule;
		};
		49CAC3072BB978D500A09571 /* Auth */ = {
			isa = XCSwiftPackageProductDependency;
			productName = Auth;
		};
		49CAC3092BB978D500A09571 /* CommonUI */ = {
			isa = XCSwiftPackageProductDependency;
			productName = CommonUI;
		};
		49CAC30B2BB978D500A09571 /* Dictionary */ = {
			isa = XCSwiftPackageProductDependency;
			productName = Dictionary;
		};
		49CAC30D2BB978D500A09571 /* OnBoarding */ = {
			isa = XCSwiftPackageProductDependency;
			productName = OnBoarding;
		};
/* End XCSwiftPackageProductDependency section */
	};
	rootObject = 4946D6B02BA814E500558F8A /* Project object */;
}
