// !$*UTF8*$!
{
	archiveVersion = 1;
	classes = {
	};
	objectVersion = 56;
	objects = {

/* Begin PBXBuildFile section */
		4900A2A52BC13E780067FE0D /* MainTabBar in Frameworks */ = {isa = PBXBuildFile; productRef = 4900A2A42BC13E780067FE0D /* MainTabBar */; };
		4903F7332BB9799100578062 /* Training in Frameworks */ = {isa = PBXBuildFile; productRef = 4903F7322BB9799100578062 /* Training */; };
		490E009A2BD81C16003C860A /* AppGroup in Frameworks */ = {isa = PBXBuildFile; productRef = 490E00992BD81C16003C860A /* AppGroup */; };
		491017952BD590AB004C076E /* Onboarding in Frameworks */ = {isa = PBXBuildFile; productRef = 491017942BD590AB004C076E /* Onboarding */; };
		4915A0DB2BB97A4500751B6C /* Networking in Frameworks */ = {isa = PBXBuildFile; productRef = 4915A0DA2BB97A4500751B6C /* Networking */; };
		4915A0DD2BB97A5700751B6C /* Video in Frameworks */ = {isa = PBXBuildFile; productRef = 4915A0DC2BB97A5700751B6C /* Video */; };
		492C5B992BA981E40018E008 /* Images.xcassets in Resources */ = {isa = PBXBuildFile; fileRef = 492C5B982BA981E40018E008 /* Images.xcassets */; };
		4946D6BC2BA814E500558F8A /* WordsFactoryApp.swift in Sources */ = {isa = PBXBuildFile; fileRef = 4946D6BB2BA814E500558F8A /* WordsFactoryApp.swift */; };
		4946D6C32BA814E600558F8A /* Preview Assets.xcassets in Resources */ = {isa = PBXBuildFile; fileRef = 4946D6C22BA814E600558F8A /* Preview Assets.xcassets */; };
		494D55852BC682660044982F /* Notifications in Frameworks */ = {isa = PBXBuildFile; productRef = 494D55842BC682660044982F /* Notifications */; };
		494DCA542BD963070085744B /* WordShort.swift in Sources */ = {isa = PBXBuildFile; fileRef = 494DCA532BD963070085744B /* WordShort.swift */; };
		494DCA562BD963480085744B /* GetRandomWordUseCase.swift in Sources */ = {isa = PBXBuildFile; fileRef = 494DCA552BD963480085744B /* GetRandomWordUseCase.swift */; };
		494DCA582BD965F60085744B /* DictionaryWordWidgetProvider.swift in Sources */ = {isa = PBXBuildFile; fileRef = 494DCA572BD965F60085744B /* DictionaryWordWidgetProvider.swift */; };
		494DCA592BD9663A0085744B /* DictionaryWordWidgetEntry.swift in Sources */ = {isa = PBXBuildFile; fileRef = 494DCA502BD960BF0085744B /* DictionaryWordWidgetEntry.swift */; };
		494DCA5B2BD96AA50085744B /* DictionaryWordWidgetEntryView.swift in Sources */ = {isa = PBXBuildFile; fileRef = 494DCA5A2BD96AA50085744B /* DictionaryWordWidgetEntryView.swift */; };
		494DCA5E2BD96AFF0085744B /* ErrorView.swift in Sources */ = {isa = PBXBuildFile; fileRef = 494DCA5D2BD96AFF0085744B /* ErrorView.swift */; };
		494DCA602BD96C3C0085744B /* DictionaryWordWidget.swift in Sources */ = {isa = PBXBuildFile; fileRef = 494DCA5F2BD96C3C0085744B /* DictionaryWordWidget.swift */; };
		494DCA622BD96CD30085744B /* DictionaryWordWidgetProviderAssembly.swift in Sources */ = {isa = PBXBuildFile; fileRef = 494DCA612BD96CD30085744B /* DictionaryWordWidgetProviderAssembly.swift */; };
		4958763F2BB6B2F7008D7A1D /* AppFactory.swift in Sources */ = {isa = PBXBuildFile; fileRef = 4958763E2BB6B2F7008D7A1D /* AppFactory.swift */; };
		495876412BB6CB5C008D7A1D /* AppCoordinatorView.swift in Sources */ = {isa = PBXBuildFile; fileRef = 495876402BB6CB5C008D7A1D /* AppCoordinatorView.swift */; };
		495929AF2BD95F6A00ECD8F3 /* DictionaryOverviewWidgetProviderAssembly.swift in Sources */ = {isa = PBXBuildFile; fileRef = 495929AE2BD95F6A00ECD8F3 /* DictionaryOverviewWidgetProviderAssembly.swift */; };
		4960EE752BD76F8800EED61B /* UserModule in Frameworks */ = {isa = PBXBuildFile; productRef = 4960EE742BD76F8800EED61B /* UserModule */; };
		4960EE7F2BD7821400EED61B /* UserModule in Frameworks */ = {isa = PBXBuildFile; productRef = 4960EE7E2BD7821400EED61B /* UserModule */; };
		4979DACE2BC832BC00AA2235 /* Localizable.xcstrings in Resources */ = {isa = PBXBuildFile; fileRef = 4979DACD2BC832BC00AA2235 /* Localizable.xcstrings */; };
		4979DAD22BC8338A00AA2235 /* Strings.swift in Sources */ = {isa = PBXBuildFile; fileRef = 4979DAD12BC8338A00AA2235 /* Strings.swift */; };
		498BBF3F2BC34EF300F60508 /* GoogleService-Info.plist in Resources */ = {isa = PBXBuildFile; fileRef = 498BBF3E2BC34E2A00F60508 /* GoogleService-Info.plist */; };
		498C9CEB2BC59A3C0039D63E /* AppDelegate.swift in Sources */ = {isa = PBXBuildFile; fileRef = 498C9CEA2BC59A3C0039D63E /* AppDelegate.swift */; };
		4990F6E52BBC193F009F5086 /* WordModule in Frameworks */ = {isa = PBXBuildFile; productRef = 4990F6E42BBC193F009F5086 /* WordModule */; };
		49BB9A1F2BD8107300A25EAE /* GoogleService-Info.plist in Resources */ = {isa = PBXBuildFile; fileRef = 49BB9A1E2BD8107300A25EAE /* GoogleService-Info.plist */; };
		49BF58AD2BD5821800867B07 /* AppSettings.swift in Sources */ = {isa = PBXBuildFile; fileRef = 49BF58AC2BD5821800867B07 /* AppSettings.swift */; };
		49CAC3082BB978D500A09571 /* Auth in Frameworks */ = {isa = PBXBuildFile; productRef = 49CAC3072BB978D500A09571 /* Auth */; };
		49CAC30A2BB978D500A09571 /* CommonUI in Frameworks */ = {isa = PBXBuildFile; productRef = 49CAC3092BB978D500A09571 /* CommonUI */; };
		49CAC30C2BB978D500A09571 /* Dictionary in Frameworks */ = {isa = PBXBuildFile; productRef = 49CAC30B2BB978D500A09571 /* Dictionary */; };
		49D3FF892BC4778F005E2CCA /* GetRememberedWordsUseCase.swift in Sources */ = {isa = PBXBuildFile; fileRef = 49D3FF882BC4778F005E2CCA /* GetRememberedWordsUseCase.swift */; };
		49D3FF8E2BC488F5005E2CCA /* UseCaseFactory.swift in Sources */ = {isa = PBXBuildFile; fileRef = 49D3FF8D2BC488F5005E2CCA /* UseCaseFactory.swift */; };
		49E385072BC311B6004EBCEF /* WidgetKit.framework in Frameworks */ = {isa = PBXBuildFile; fileRef = 49E385062BC311B6004EBCEF /* WidgetKit.framework */; };
		49E385092BC311B6004EBCEF /* SwiftUI.framework in Frameworks */ = {isa = PBXBuildFile; fileRef = 49E385082BC311B6004EBCEF /* SwiftUI.framework */; };
		49E3850C2BC311B6004EBCEF /* WidgetsBundle.swift in Sources */ = {isa = PBXBuildFile; fileRef = 49E3850B2BC311B6004EBCEF /* WidgetsBundle.swift */; };
		49E385102BC311B7004EBCEF /* Assets.xcassets in Resources */ = {isa = PBXBuildFile; fileRef = 49E3850F2BC311B7004EBCEF /* Assets.xcassets */; };
		49E385142BC311B7004EBCEF /* WidgetsExtension.appex in Embed Foundation Extensions */ = {isa = PBXBuildFile; fileRef = 49E385052BC311B6004EBCEF /* WidgetsExtension.appex */; settings = {ATTRIBUTES = (RemoveHeadersOnCopy, ); }; };
		49E3851B2BC3127E004EBCEF /* DictionaryOverviewWidgetProvider.swift in Sources */ = {isa = PBXBuildFile; fileRef = 49E3851A2BC3127E004EBCEF /* DictionaryOverviewWidgetProvider.swift */; };
		49E3851D2BC3128E004EBCEF /* DictionaryOverviewWidgetEntry.swift in Sources */ = {isa = PBXBuildFile; fileRef = 49E3851C2BC3128E004EBCEF /* DictionaryOverviewWidgetEntry.swift */; };
		49E385202BC312C1004EBCEF /* View+WidgetBackground.swift in Sources */ = {isa = PBXBuildFile; fileRef = 49E3851F2BC312C1004EBCEF /* View+WidgetBackground.swift */; };
		49E385222BC312DF004EBCEF /* DictionaryOverviewWidgetEntryView.swift in Sources */ = {isa = PBXBuildFile; fileRef = 49E385212BC312DF004EBCEF /* DictionaryOverviewWidgetEntryView.swift */; };
		49E385242BC3134A004EBCEF /* DictionaryOverviewWidget.swift in Sources */ = {isa = PBXBuildFile; fileRef = 49E385232BC3134A004EBCEF /* DictionaryOverviewWidget.swift */; };
		49E385282BC31846004EBCEF /* CommonUI in Frameworks */ = {isa = PBXBuildFile; productRef = 49E385272BC31846004EBCEF /* CommonUI */; };
		49E3852A2BC31AED004EBCEF /* WordModule in Frameworks */ = {isa = PBXBuildFile; productRef = 49E385292BC31AED004EBCEF /* WordModule */; };
		49E3852D2BC31C97004EBCEF /* Networking in Frameworks */ = {isa = PBXBuildFile; productRef = 49E3852C2BC31C97004EBCEF /* Networking */; };
		49F0A28A2BCAE823007499CC /* AppCoordinator.swift in Sources */ = {isa = PBXBuildFile; fileRef = 49F0A2892BCAE823007499CC /* AppCoordinator.swift */; };
/* End PBXBuildFile section */

/* Begin PBXContainerItemProxy section */
		49E385122BC311B7004EBCEF /* PBXContainerItemProxy */ = {
			isa = PBXContainerItemProxy;
			containerPortal = 4946D6B02BA814E500558F8A /* Project object */;
			proxyType = 1;
			remoteGlobalIDString = 49E385042BC311B6004EBCEF;
			remoteInfo = WidgetsExtension;
		};
/* End PBXContainerItemProxy section */

/* Begin PBXCopyFilesBuildPhase section */
		49E385152BC311B7004EBCEF /* Embed Foundation Extensions */ = {
			isa = PBXCopyFilesBuildPhase;
			buildActionMask = 2147483647;
			dstPath = "";
			dstSubfolderSpec = 13;
			files = (
				49E385142BC311B7004EBCEF /* WidgetsExtension.appex in Embed Foundation Extensions */,
			);
			name = "Embed Foundation Extensions";
			runOnlyForDeploymentPostprocessing = 0;
		};
/* End PBXCopyFilesBuildPhase section */

/* Begin PBXFileReference section */
		490BF2072BB28D6D0023C80C /* Dictionary */ = {isa = PBXFileReference; lastKnownFileType = wrapper; path = Dictionary; sourceTree = "<group>"; };
		490C6FDD2BAA1C66002A8BC6 /* CommonUI */ = {isa = PBXFileReference; lastKnownFileType = wrapper; path = CommonUI; sourceTree = "<group>"; };
		490E00982BD81A5D003C860A /* AppGroup */ = {isa = PBXFileReference; lastKnownFileType = wrapper; path = AppGroup; sourceTree = "<group>"; };
		491017912BD58FCC004C076E /* Onboarding */ = {isa = PBXFileReference; lastKnownFileType = wrapper; path = Onboarding; sourceTree = "<group>"; };
		492C5B982BA981E40018E008 /* Images.xcassets */ = {isa = PBXFileReference; lastKnownFileType = folder.assetcatalog; path = Images.xcassets; sourceTree = "<group>"; };
		4933AA4C2BB0996300515FAC /* Networking */ = {isa = PBXFileReference; lastKnownFileType = wrapper; path = Networking; sourceTree = "<group>"; };
		4946D6B82BA814E500558F8A /* WordsFactory.app */ = {isa = PBXFileReference; explicitFileType = wrapper.application; includeInIndex = 0; path = WordsFactory.app; sourceTree = BUILT_PRODUCTS_DIR; };
		4946D6BB2BA814E500558F8A /* WordsFactoryApp.swift */ = {isa = PBXFileReference; lastKnownFileType = sourcecode.swift; path = WordsFactoryApp.swift; sourceTree = "<group>"; };
		4946D6C22BA814E600558F8A /* Preview Assets.xcassets */ = {isa = PBXFileReference; lastKnownFileType = folder.assetcatalog; path = "Preview Assets.xcassets"; sourceTree = "<group>"; };
		4949DEC02BAB5FDA0094AD9D /* Info.plist */ = {isa = PBXFileReference; lastKnownFileType = text.plist.xml; path = Info.plist; sourceTree = "<group>"; };
		494DCA502BD960BF0085744B /* DictionaryWordWidgetEntry.swift */ = {isa = PBXFileReference; lastKnownFileType = sourcecode.swift; path = DictionaryWordWidgetEntry.swift; sourceTree = "<group>"; };
		494DCA532BD963070085744B /* WordShort.swift */ = {isa = PBXFileReference; lastKnownFileType = sourcecode.swift; path = WordShort.swift; sourceTree = "<group>"; };
		494DCA552BD963480085744B /* GetRandomWordUseCase.swift */ = {isa = PBXFileReference; lastKnownFileType = sourcecode.swift; path = GetRandomWordUseCase.swift; sourceTree = "<group>"; };
		494DCA572BD965F60085744B /* DictionaryWordWidgetProvider.swift */ = {isa = PBXFileReference; lastKnownFileType = sourcecode.swift; path = DictionaryWordWidgetProvider.swift; sourceTree = "<group>"; };
		494DCA5A2BD96AA50085744B /* DictionaryWordWidgetEntryView.swift */ = {isa = PBXFileReference; lastKnownFileType = sourcecode.swift; path = DictionaryWordWidgetEntryView.swift; sourceTree = "<group>"; };
		494DCA5D2BD96AFF0085744B /* ErrorView.swift */ = {isa = PBXFileReference; lastKnownFileType = sourcecode.swift; path = ErrorView.swift; sourceTree = "<group>"; };
		494DCA5F2BD96C3C0085744B /* DictionaryWordWidget.swift */ = {isa = PBXFileReference; lastKnownFileType = sourcecode.swift; path = DictionaryWordWidget.swift; sourceTree = "<group>"; };
		494DCA612BD96CD30085744B /* DictionaryWordWidgetProviderAssembly.swift */ = {isa = PBXFileReference; lastKnownFileType = sourcecode.swift; path = DictionaryWordWidgetProviderAssembly.swift; sourceTree = "<group>"; };
		495876332BB6A1AF008D7A1D /* NetworkingAPI */ = {isa = PBXFileReference; lastKnownFileType = wrapper; path = NetworkingAPI; sourceTree = "<group>"; };
		4958763E2BB6B2F7008D7A1D /* AppFactory.swift */ = {isa = PBXFileReference; lastKnownFileType = sourcecode.swift; path = AppFactory.swift; sourceTree = "<group>"; };
		495876402BB6CB5C008D7A1D /* AppCoordinatorView.swift */ = {isa = PBXFileReference; lastKnownFileType = sourcecode.swift; path = AppCoordinatorView.swift; sourceTree = "<group>"; };
		495876422BB70B9F008D7A1D /* DictionaryAPI */ = {isa = PBXFileReference; lastKnownFileType = wrapper; path = DictionaryAPI; sourceTree = "<group>"; };
		495929AE2BD95F6A00ECD8F3 /* DictionaryOverviewWidgetProviderAssembly.swift */ = {isa = PBXFileReference; fileEncoding = 4; lastKnownFileType = sourcecode.swift; path = DictionaryOverviewWidgetProviderAssembly.swift; sourceTree = "<group>"; };
		4960EE722BD7642A00EED61B /* UserModule */ = {isa = PBXFileReference; lastKnownFileType = wrapper; path = UserModule; sourceTree = "<group>"; };
		4960EE732BD7651D00EED61B /* UserModuleAPI */ = {isa = PBXFileReference; lastKnownFileType = wrapper; path = UserModuleAPI; sourceTree = "<group>"; };
		4964B44F2BBC131600D849FC /* WordModule */ = {isa = PBXFileReference; lastKnownFileType = wrapper; path = WordModule; sourceTree = "<group>"; };
		4979DACD2BC832BC00AA2235 /* Localizable.xcstrings */ = {isa = PBXFileReference; lastKnownFileType = text.json.xcstrings; path = Localizable.xcstrings; sourceTree = "<group>"; };
		4979DAD12BC8338A00AA2235 /* Strings.swift */ = {isa = PBXFileReference; lastKnownFileType = sourcecode.swift; path = Strings.swift; sourceTree = "<group>"; };
		498BBF3C2BC34B3400F60508 /* WordsFactory.entitlements */ = {isa = PBXFileReference; lastKnownFileType = text.plist.entitlements; path = WordsFactory.entitlements; sourceTree = "<group>"; };
		498BBF3D2BC34B4500F60508 /* WidgetsExtension.entitlements */ = {isa = PBXFileReference; lastKnownFileType = text.plist.entitlements; path = WidgetsExtension.entitlements; sourceTree = "<group>"; };
		498BBF3E2BC34E2A00F60508 /* GoogleService-Info.plist */ = {isa = PBXFileReference; lastKnownFileType = text.plist.xml; path = "GoogleService-Info.plist"; sourceTree = "<group>"; };
		498C9CE92BC587720039D63E /* Notifications */ = {isa = PBXFileReference; lastKnownFileType = wrapper; path = Notifications; sourceTree = "<group>"; };
		498C9CEA2BC59A3C0039D63E /* AppDelegate.swift */ = {isa = PBXFileReference; lastKnownFileType = sourcecode.swift; path = AppDelegate.swift; sourceTree = "<group>"; };
		4991A2CC2BBC268A005EC551 /* WordModuleAPI */ = {isa = PBXFileReference; lastKnownFileType = wrapper; path = WordModuleAPI; sourceTree = "<group>"; };
		49BB9A1E2BD8107300A25EAE /* GoogleService-Info.plist */ = {isa = PBXFileReference; fileEncoding = 4; lastKnownFileType = text.plist.xml; path = "GoogleService-Info.plist"; sourceTree = "<group>"; };
		49BF58AC2BD5821800867B07 /* AppSettings.swift */ = {isa = PBXFileReference; lastKnownFileType = sourcecode.swift; path = AppSettings.swift; sourceTree = "<group>"; };
		49CAC3012BB935CF00A09571 /* Video */ = {isa = PBXFileReference; lastKnownFileType = wrapper; path = Video; sourceTree = "<group>"; };
		49CAC3042BB9583C00A09571 /* VideoAPI */ = {isa = PBXFileReference; lastKnownFileType = wrapper; path = VideoAPI; sourceTree = "<group>"; };
		49CAC3052BB9755900A09571 /* TrainingAPI */ = {isa = PBXFileReference; lastKnownFileType = wrapper; path = TrainingAPI; sourceTree = "<group>"; };
		49CAC3062BB9771700A09571 /* Training */ = {isa = PBXFileReference; lastKnownFileType = wrapper; path = Training; sourceTree = "<group>"; };
		49CDBECA2BC12C0E00762BBD /* MainTabBar */ = {isa = PBXFileReference; lastKnownFileType = wrapper; path = MainTabBar; sourceTree = "<group>"; };
		49D3FF882BC4778F005E2CCA /* GetRememberedWordsUseCase.swift */ = {isa = PBXFileReference; lastKnownFileType = sourcecode.swift; path = GetRememberedWordsUseCase.swift; sourceTree = "<group>"; };
		49D3FF8D2BC488F5005E2CCA /* UseCaseFactory.swift */ = {isa = PBXFileReference; lastKnownFileType = sourcecode.swift; path = UseCaseFactory.swift; sourceTree = "<group>"; };
		49E385052BC311B6004EBCEF /* WidgetsExtension.appex */ = {isa = PBXFileReference; explicitFileType = "wrapper.app-extension"; includeInIndex = 0; path = WidgetsExtension.appex; sourceTree = BUILT_PRODUCTS_DIR; };
		49E385062BC311B6004EBCEF /* WidgetKit.framework */ = {isa = PBXFileReference; lastKnownFileType = wrapper.framework; name = WidgetKit.framework; path = System/Library/Frameworks/WidgetKit.framework; sourceTree = SDKROOT; };
		49E385082BC311B6004EBCEF /* SwiftUI.framework */ = {isa = PBXFileReference; lastKnownFileType = wrapper.framework; name = SwiftUI.framework; path = System/Library/Frameworks/SwiftUI.framework; sourceTree = SDKROOT; };
		49E3850B2BC311B6004EBCEF /* WidgetsBundle.swift */ = {isa = PBXFileReference; lastKnownFileType = sourcecode.swift; path = WidgetsBundle.swift; sourceTree = "<group>"; };
		49E3850F2BC311B7004EBCEF /* Assets.xcassets */ = {isa = PBXFileReference; lastKnownFileType = folder.assetcatalog; path = Assets.xcassets; sourceTree = "<group>"; };
		49E385112BC311B7004EBCEF /* Info.plist */ = {isa = PBXFileReference; lastKnownFileType = text.plist.xml; path = Info.plist; sourceTree = "<group>"; };
		49E3851A2BC3127E004EBCEF /* DictionaryOverviewWidgetProvider.swift */ = {isa = PBXFileReference; lastKnownFileType = sourcecode.swift; path = DictionaryOverviewWidgetProvider.swift; sourceTree = "<group>"; };
		49E3851C2BC3128E004EBCEF /* DictionaryOverviewWidgetEntry.swift */ = {isa = PBXFileReference; lastKnownFileType = sourcecode.swift; path = DictionaryOverviewWidgetEntry.swift; sourceTree = "<group>"; };
		49E3851F2BC312C1004EBCEF /* View+WidgetBackground.swift */ = {isa = PBXFileReference; lastKnownFileType = sourcecode.swift; path = "View+WidgetBackground.swift"; sourceTree = "<group>"; };
		49E385212BC312DF004EBCEF /* DictionaryOverviewWidgetEntryView.swift */ = {isa = PBXFileReference; lastKnownFileType = sourcecode.swift; path = DictionaryOverviewWidgetEntryView.swift; sourceTree = "<group>"; };
		49E385232BC3134A004EBCEF /* DictionaryOverviewWidget.swift */ = {isa = PBXFileReference; lastKnownFileType = sourcecode.swift; path = DictionaryOverviewWidget.swift; sourceTree = "<group>"; };
		49F0A2892BCAE823007499CC /* AppCoordinator.swift */ = {isa = PBXFileReference; lastKnownFileType = sourcecode.swift; path = AppCoordinator.swift; sourceTree = "<group>"; };
		49F733512BADB2C40012AF9B /* Auth */ = {isa = PBXFileReference; lastKnownFileType = wrapper; path = Auth; sourceTree = "<group>"; };
/* End PBXFileReference section */

/* Begin PBXFrameworksBuildPhase section */
		4946D6B52BA814E500558F8A /* Frameworks */ = {
			isa = PBXFrameworksBuildPhase;
			buildActionMask = 2147483647;
			files = (
				4915A0DB2BB97A4500751B6C /* Networking in Frameworks */,
				4903F7332BB9799100578062 /* Training in Frameworks */,
				49CAC3082BB978D500A09571 /* Auth in Frameworks */,
				4990F6E52BBC193F009F5086 /* WordModule in Frameworks */,
				494D55852BC682660044982F /* Notifications in Frameworks */,
				4900A2A52BC13E780067FE0D /* MainTabBar in Frameworks */,
				49CAC30C2BB978D500A09571 /* Dictionary in Frameworks */,
				491017952BD590AB004C076E /* Onboarding in Frameworks */,
				49CAC30A2BB978D500A09571 /* CommonUI in Frameworks */,
				4960EE752BD76F8800EED61B /* UserModule in Frameworks */,
				4915A0DD2BB97A5700751B6C /* Video in Frameworks */,
			);
			runOnlyForDeploymentPostprocessing = 0;
		};
		49E385022BC311B6004EBCEF /* Frameworks */ = {
			isa = PBXFrameworksBuildPhase;
			buildActionMask = 2147483647;
			files = (
				49E3852A2BC31AED004EBCEF /* WordModule in Frameworks */,
				49E385282BC31846004EBCEF /* CommonUI in Frameworks */,
				49E385092BC311B6004EBCEF /* SwiftUI.framework in Frameworks */,
				4960EE7F2BD7821400EED61B /* UserModule in Frameworks */,
				490E009A2BD81C16003C860A /* AppGroup in Frameworks */,
				49E3852D2BC31C97004EBCEF /* Networking in Frameworks */,
				49E385072BC311B6004EBCEF /* WidgetKit.framework in Frameworks */,
			);
			runOnlyForDeploymentPostprocessing = 0;
		};
/* End PBXFrameworksBuildPhase section */

/* Begin PBXGroup section */
		492C5B952BA981930018E008 /* Application */ = {
			isa = PBXGroup;
			children = (
				49D1E2F92BCBA3CD007F5A94 /* DI */,
				49F0A2882BCAE802007499CC /* Coordinator */,
				4946D6BB2BA814E500558F8A /* WordsFactoryApp.swift */,
				498C9CEA2BC59A3C0039D63E /* AppDelegate.swift */,
				49BF58AC2BD5821800867B07 /* AppSettings.swift */,
			);
			path = Application;
			sourceTree = "<group>";
		};
		492C5B972BA981C90018E008 /* Resources */ = {
			isa = PBXGroup;
			children = (
				498BBF3E2BC34E2A00F60508 /* GoogleService-Info.plist */,
				4949DEC02BAB5FDA0094AD9D /* Info.plist */,
				492C5B982BA981E40018E008 /* Images.xcassets */,
				4946D6C12BA814E600558F8A /* Preview Content */,
			);
			path = Resources;
			sourceTree = "<group>";
		};
		492C5B9D2BA989FD0018E008 /* Frameworks */ = {
			isa = PBXGroup;
			children = (
				49E385062BC311B6004EBCEF /* WidgetKit.framework */,
				49E385082BC311B6004EBCEF /* SwiftUI.framework */,
			);
			name = Frameworks;
			sourceTree = "<group>";
		};
		4946D6AF2BA814E500558F8A = {
			isa = PBXGroup;
			children = (
				494DCA632BD98F7E0085744B /* Modules */,
				4946D6BA2BA814E500558F8A /* WordsFactory */,
				49E3850A2BC311B6004EBCEF /* Widgets */,
				4946D6B92BA814E500558F8A /* Products */,
				492C5B9D2BA989FD0018E008 /* Frameworks */,
			);
			sourceTree = "<group>";
		};
		4946D6B92BA814E500558F8A /* Products */ = {
			isa = PBXGroup;
			children = (
				4946D6B82BA814E500558F8A /* WordsFactory.app */,
				49E385052BC311B6004EBCEF /* WidgetsExtension.appex */,
			);
			name = Products;
			sourceTree = "<group>";
		};
		4946D6BA2BA814E500558F8A /* WordsFactory */ = {
			isa = PBXGroup;
			children = (
				498BBF3C2BC34B3400F60508 /* WordsFactory.entitlements */,
				492C5B972BA981C90018E008 /* Resources */,
				492C5B952BA981930018E008 /* Application */,
			);
			path = WordsFactory;
			sourceTree = "<group>";
		};
		4946D6C12BA814E600558F8A /* Preview Content */ = {
			isa = PBXGroup;
			children = (
				4946D6C22BA814E600558F8A /* Preview Assets.xcassets */,
			);
			path = "Preview Content";
			sourceTree = "<group>";
		};
		494DCA4F2BD960A80085744B /* DictionaryWord */ = {
			isa = PBXGroup;
			children = (
				494DCA502BD960BF0085744B /* DictionaryWordWidgetEntry.swift */,
				494DCA572BD965F60085744B /* DictionaryWordWidgetProvider.swift */,
				494DCA5A2BD96AA50085744B /* DictionaryWordWidgetEntryView.swift */,
				494DCA5F2BD96C3C0085744B /* DictionaryWordWidget.swift */,
				494DCA612BD96CD30085744B /* DictionaryWordWidgetProviderAssembly.swift */,
			);
			path = DictionaryWord;
			sourceTree = "<group>";
		};
		494DCA522BD962FC0085744B /* Entities */ = {
			isa = PBXGroup;
			children = (
				494DCA532BD963070085744B /* WordShort.swift */,
			);
			path = Entities;
			sourceTree = "<group>";
		};
		494DCA5C2BD96AF60085744B /* Views */ = {
			isa = PBXGroup;
			children = (
				494DCA5D2BD96AFF0085744B /* ErrorView.swift */,
			);
			path = Views;
			sourceTree = "<group>";
		};
		494DCA632BD98F7E0085744B /* Modules */ = {
			isa = PBXGroup;
			children = (
				4998964E2BAA1FF00078B41B /* Core */,
				4964B44E2BBC12EE00D849FC /* Shared */,
				4998964F2BAA1FF50078B41B /* Features */,
			);
			path = Modules;
			sourceTree = "<group>";
		};
		495876312BB69F2B008D7A1D /* API */ = {
			isa = PBXGroup;
			children = (
				495876332BB6A1AF008D7A1D /* NetworkingAPI */,
			);
			path = API;
			sourceTree = "<group>";
		};
		495876382BB6AEB0008D7A1D /* API */ = {
			isa = PBXGroup;
			children = (
				49CAC3052BB9755900A09571 /* TrainingAPI */,
				49CAC3042BB9583C00A09571 /* VideoAPI */,
				495876422BB70B9F008D7A1D /* DictionaryAPI */,
			);
			path = API;
			sourceTree = "<group>";
		};
		4964B44E2BBC12EE00D849FC /* Shared */ = {
			isa = PBXGroup;
			children = (
				4991A2CB2BBC2675005EC551 /* API */,
				4960EE722BD7642A00EED61B /* UserModule */,
				4964B44F2BBC131600D849FC /* WordModule */,
			);
			path = Shared;
			sourceTree = "<group>";
		};
		4979DACF2BC8335E00AA2235 /* Common */ = {
			isa = PBXGroup;
			children = (
				494DCA5C2BD96AF60085744B /* Views */,
				4979DAD02BC8336300AA2235 /* Constants */,
				49E3851E2BC312AA004EBCEF /* Extensions */,
			);
			path = Common;
			sourceTree = "<group>";
		};
		4979DAD02BC8336300AA2235 /* Constants */ = {
			isa = PBXGroup;
			children = (
				4979DAD12BC8338A00AA2235 /* Strings.swift */,
			);
			path = Constants;
			sourceTree = "<group>";
		};
		4991A2CB2BBC2675005EC551 /* API */ = {
			isa = PBXGroup;
			children = (
				4960EE732BD7651D00EED61B /* UserModuleAPI */,
				4991A2CC2BBC268A005EC551 /* WordModuleAPI */,
			);
			path = API;
			sourceTree = "<group>";
		};
		4998964E2BAA1FF00078B41B /* Core */ = {
			isa = PBXGroup;
			children = (
				495876312BB69F2B008D7A1D /* API */,
				490E00982BD81A5D003C860A /* AppGroup */,
				498C9CE92BC587720039D63E /* Notifications */,
				4933AA4C2BB0996300515FAC /* Networking */,
				490C6FDD2BAA1C66002A8BC6 /* CommonUI */,
			);
			path = Core;
			sourceTree = "<group>";
		};
		4998964F2BAA1FF50078B41B /* Features */ = {
			isa = PBXGroup;
			children = (
				495876382BB6AEB0008D7A1D /* API */,
				49CDBECA2BC12C0E00762BBD /* MainTabBar */,
				49CAC3062BB9771700A09571 /* Training */,
				49CAC3012BB935CF00A09571 /* Video */,
				490BF2072BB28D6D0023C80C /* Dictionary */,
				49F733512BADB2C40012AF9B /* Auth */,
				491017912BD58FCC004C076E /* Onboarding */,
			);
			path = Features;
			sourceTree = "<group>";
		};
		49D1E2F92BCBA3CD007F5A94 /* DI */ = {
			isa = PBXGroup;
			children = (
				4958763E2BB6B2F7008D7A1D /* AppFactory.swift */,
			);
			path = DI;
			sourceTree = "<group>";
		};
		49D3FF852BC47648005E2CCA /* Presentation */ = {
			isa = PBXGroup;
			children = (
				4979DACF2BC8335E00AA2235 /* Common */,
				49D3FF8F2BC48C46005E2CCA /* Widgets */,
			);
			path = Presentation;
			sourceTree = "<group>";
		};
		49D3FF862BC4767B005E2CCA /* Domain */ = {
			isa = PBXGroup;
			children = (
				494DCA522BD962FC0085744B /* Entities */,
				49D3FF872BC47718005E2CCA /* UseCases */,
			);
			path = Domain;
			sourceTree = "<group>";
		};
		49D3FF872BC47718005E2CCA /* UseCases */ = {
			isa = PBXGroup;
			children = (
				49D3FF882BC4778F005E2CCA /* GetRememberedWordsUseCase.swift */,
				494DCA552BD963480085744B /* GetRandomWordUseCase.swift */,
			);
			path = UseCases;
			sourceTree = "<group>";
		};
		49D3FF8C2BC488E5005E2CCA /* DI */ = {
			isa = PBXGroup;
			children = (
				49D3FF8D2BC488F5005E2CCA /* UseCaseFactory.swift */,
			);
			path = DI;
			sourceTree = "<group>";
		};
		49D3FF8F2BC48C46005E2CCA /* Widgets */ = {
			isa = PBXGroup;
			children = (
				494DCA4F2BD960A80085744B /* DictionaryWord */,
				49E385192BC31221004EBCEF /* DictionaryOverview */,
			);
			path = Widgets;
			sourceTree = "<group>";
		};
		49E3850A2BC311B6004EBCEF /* Widgets */ = {
			isa = PBXGroup;
			children = (
				498BBF3D2BC34B4500F60508 /* WidgetsExtension.entitlements */,
				49D3FF8C2BC488E5005E2CCA /* DI */,
				49D3FF862BC4767B005E2CCA /* Domain */,
				49D3FF852BC47648005E2CCA /* Presentation */,
				49E3852B2BC31C63004EBCEF /* Resources */,
				49E3850B2BC311B6004EBCEF /* WidgetsBundle.swift */,
			);
			path = Widgets;
			sourceTree = "<group>";
		};
		49E385192BC31221004EBCEF /* DictionaryOverview */ = {
			isa = PBXGroup;
			children = (
				495929AE2BD95F6A00ECD8F3 /* DictionaryOverviewWidgetProviderAssembly.swift */,
				49E3851A2BC3127E004EBCEF /* DictionaryOverviewWidgetProvider.swift */,
				49E3851C2BC3128E004EBCEF /* DictionaryOverviewWidgetEntry.swift */,
				49E385212BC312DF004EBCEF /* DictionaryOverviewWidgetEntryView.swift */,
				49E385232BC3134A004EBCEF /* DictionaryOverviewWidget.swift */,
			);
			path = DictionaryOverview;
			sourceTree = "<group>";
		};
		49E3851E2BC312AA004EBCEF /* Extensions */ = {
			isa = PBXGroup;
			children = (
				49E3851F2BC312C1004EBCEF /* View+WidgetBackground.swift */,
			);
			path = Extensions;
			sourceTree = "<group>";
		};
		49E3852B2BC31C63004EBCEF /* Resources */ = {
			isa = PBXGroup;
			children = (
				49BB9A1E2BD8107300A25EAE /* GoogleService-Info.plist */,
				49E385112BC311B7004EBCEF /* Info.plist */,
				49E3850F2BC311B7004EBCEF /* Assets.xcassets */,
				4979DACD2BC832BC00AA2235 /* Localizable.xcstrings */,
			);
			path = Resources;
			sourceTree = "<group>";
		};
		49F0A2882BCAE802007499CC /* Coordinator */ = {
			isa = PBXGroup;
			children = (
				49F0A2892BCAE823007499CC /* AppCoordinator.swift */,
				495876402BB6CB5C008D7A1D /* AppCoordinatorView.swift */,
			);
			path = Coordinator;
			sourceTree = "<group>";
		};
/* End PBXGroup section */

/* Begin PBXNativeTarget section */
		4946D6B72BA814E500558F8A /* WordsFactory */ = {
			isa = PBXNativeTarget;
			buildConfigurationList = 4946D6C62BA814E600558F8A /* Build configuration list for PBXNativeTarget "WordsFactory" */;
			buildPhases = (
				4946D6B42BA814E500558F8A /* Sources */,
				4946D6B52BA814E500558F8A /* Frameworks */,
				4946D6B62BA814E500558F8A /* Resources */,
				49E385152BC311B7004EBCEF /* Embed Foundation Extensions */,
			);
			buildRules = (
			);
			dependencies = (
				49E385132BC311B7004EBCEF /* PBXTargetDependency */,
			);
			name = WordsFactory;
			packageProductDependencies = (
				49CAC3072BB978D500A09571 /* Auth */,
				49CAC3092BB978D500A09571 /* CommonUI */,
				49CAC30B2BB978D500A09571 /* Dictionary */,
				4903F7322BB9799100578062 /* Training */,
				4915A0DA2BB97A4500751B6C /* Networking */,
				4915A0DC2BB97A5700751B6C /* Video */,
				4990F6E42BBC193F009F5086 /* WordModule */,
				4900A2A42BC13E780067FE0D /* MainTabBar */,
				494D55842BC682660044982F /* Notifications */,
				491017942BD590AB004C076E /* Onboarding */,
				4960EE742BD76F8800EED61B /* UserModule */,
			);
			productName = WordsFactory;
			productReference = 4946D6B82BA814E500558F8A /* WordsFactory.app */;
			productType = "com.apple.product-type.application";
		};
		49E385042BC311B6004EBCEF /* WidgetsExtension */ = {
			isa = PBXNativeTarget;
			buildConfigurationList = 49E385182BC311B7004EBCEF /* Build configuration list for PBXNativeTarget "WidgetsExtension" */;
			buildPhases = (
				49E385012BC311B6004EBCEF /* Sources */,
				49E385022BC311B6004EBCEF /* Frameworks */,
				49E385032BC311B6004EBCEF /* Resources */,
			);
			buildRules = (
			);
			dependencies = (
			);
			name = WidgetsExtension;
			packageProductDependencies = (
				49E385272BC31846004EBCEF /* CommonUI */,
				49E385292BC31AED004EBCEF /* WordModule */,
				49E3852C2BC31C97004EBCEF /* Networking */,
				4960EE7E2BD7821400EED61B /* UserModule */,
				490E00992BD81C16003C860A /* AppGroup */,
			);
			productName = WidgetsExtension;
			productReference = 49E385052BC311B6004EBCEF /* WidgetsExtension.appex */;
			productType = "com.apple.product-type.app-extension";
		};
/* End PBXNativeTarget section */

/* Begin PBXProject section */
		4946D6B02BA814E500558F8A /* Project object */ = {
			isa = PBXProject;
			attributes = {
				BuildIndependentTargetsInParallel = 1;
				LastSwiftUpdateCheck = 1530;
				LastUpgradeCheck = 1530;
				TargetAttributes = {
					4946D6B72BA814E500558F8A = {
						CreatedOnToolsVersion = 15.3;
					};
					49E385042BC311B6004EBCEF = {
						CreatedOnToolsVersion = 15.3;
					};
				};
			};
			buildConfigurationList = 4946D6B32BA814E500558F8A /* Build configuration list for PBXProject "WordsFactory" */;
			compatibilityVersion = "Xcode 14.0";
			developmentRegion = en;
			hasScannedForEncodings = 0;
			knownRegions = (
				en,
				ru,
				Base,
			);
			mainGroup = 4946D6AF2BA814E500558F8A;
			packageReferences = (
			);
			productRefGroup = 4946D6B92BA814E500558F8A /* Products */;
			projectDirPath = "";
			projectRoot = "";
			targets = (
				4946D6B72BA814E500558F8A /* WordsFactory */,
				49E385042BC311B6004EBCEF /* WidgetsExtension */,
			);
		};
/* End PBXProject section */

/* Begin PBXResourcesBuildPhase section */
		4946D6B62BA814E500558F8A /* Resources */ = {
			isa = PBXResourcesBuildPhase;
			buildActionMask = 2147483647;
			files = (
				492C5B992BA981E40018E008 /* Images.xcassets in Resources */,
				4946D6C32BA814E600558F8A /* Preview Assets.xcassets in Resources */,
				498BBF3F2BC34EF300F60508 /* GoogleService-Info.plist in Resources */,
			);
			runOnlyForDeploymentPostprocessing = 0;
		};
		49E385032BC311B6004EBCEF /* Resources */ = {
			isa = PBXResourcesBuildPhase;
			buildActionMask = 2147483647;
			files = (
				4979DACE2BC832BC00AA2235 /* Localizable.xcstrings in Resources */,
				49E385102BC311B7004EBCEF /* Assets.xcassets in Resources */,
				49BB9A1F2BD8107300A25EAE /* GoogleService-Info.plist in Resources */,
			);
			runOnlyForDeploymentPostprocessing = 0;
		};
/* End PBXResourcesBuildPhase section */

/* Begin PBXSourcesBuildPhase section */
		4946D6B42BA814E500558F8A /* Sources */ = {
			isa = PBXSourcesBuildPhase;
			buildActionMask = 2147483647;
			files = (
				498C9CEB2BC59A3C0039D63E /* AppDelegate.swift in Sources */,
				495876412BB6CB5C008D7A1D /* AppCoordinatorView.swift in Sources */,
				49BF58AD2BD5821800867B07 /* AppSettings.swift in Sources */,
				49F0A28A2BCAE823007499CC /* AppCoordinator.swift in Sources */,
				4958763F2BB6B2F7008D7A1D /* AppFactory.swift in Sources */,
				4946D6BC2BA814E500558F8A /* WordsFactoryApp.swift in Sources */,
			);
			runOnlyForDeploymentPostprocessing = 0;
		};
		49E385012BC311B6004EBCEF /* Sources */ = {
			isa = PBXSourcesBuildPhase;
			buildActionMask = 2147483647;
			files = (
				49E385242BC3134A004EBCEF /* DictionaryOverviewWidget.swift in Sources */,
				49E3850C2BC311B6004EBCEF /* WidgetsBundle.swift in Sources */,
				494DCA622BD96CD30085744B /* DictionaryWordWidgetProviderAssembly.swift in Sources */,
				494DCA592BD9663A0085744B /* DictionaryWordWidgetEntry.swift in Sources */,
				4979DAD22BC8338A00AA2235 /* Strings.swift in Sources */,
				49E385222BC312DF004EBCEF /* DictionaryOverviewWidgetEntryView.swift in Sources */,
				495929AF2BD95F6A00ECD8F3 /* DictionaryOverviewWidgetProviderAssembly.swift in Sources */,
				494DCA602BD96C3C0085744B /* DictionaryWordWidget.swift in Sources */,
				494DCA582BD965F60085744B /* DictionaryWordWidgetProvider.swift in Sources */,
				49D3FF892BC4778F005E2CCA /* GetRememberedWordsUseCase.swift in Sources */,
				49E3851B2BC3127E004EBCEF /* DictionaryOverviewWidgetProvider.swift in Sources */,
				49E3851D2BC3128E004EBCEF /* DictionaryOverviewWidgetEntry.swift in Sources */,
				49D3FF8E2BC488F5005E2CCA /* UseCaseFactory.swift in Sources */,
				49E385202BC312C1004EBCEF /* View+WidgetBackground.swift in Sources */,
				494DCA542BD963070085744B /* WordShort.swift in Sources */,
				494DCA5B2BD96AA50085744B /* DictionaryWordWidgetEntryView.swift in Sources */,
				494DCA562BD963480085744B /* GetRandomWordUseCase.swift in Sources */,
				494DCA5E2BD96AFF0085744B /* ErrorView.swift in Sources */,
			);
			runOnlyForDeploymentPostprocessing = 0;
		};
/* End PBXSourcesBuildPhase section */

/* Begin PBXTargetDependency section */
		49E385132BC311B7004EBCEF /* PBXTargetDependency */ = {
			isa = PBXTargetDependency;
			target = 49E385042BC311B6004EBCEF /* WidgetsExtension */;
			targetProxy = 49E385122BC311B7004EBCEF /* PBXContainerItemProxy */;
		};
/* End PBXTargetDependency section */

/* Begin XCBuildConfiguration section */
		4946D6C42BA814E600558F8A /* Debug */ = {
			isa = XCBuildConfiguration;
			buildSettings = {
				ALWAYS_SEARCH_USER_PATHS = NO;
				ASSETCATALOG_COMPILER_GENERATE_SWIFT_ASSET_SYMBOL_EXTENSIONS = YES;
				CLANG_ANALYZER_NONNULL = YES;
				CLANG_ANALYZER_NUMBER_OBJECT_CONVERSION = YES_AGGRESSIVE;
				CLANG_CXX_LANGUAGE_STANDARD = "gnu++20";
				CLANG_ENABLE_MODULES = YES;
				CLANG_ENABLE_OBJC_ARC = YES;
				CLANG_ENABLE_OBJC_WEAK = YES;
				CLANG_WARN_BLOCK_CAPTURE_AUTORELEASING = YES;
				CLANG_WARN_BOOL_CONVERSION = YES;
				CLANG_WARN_COMMA = YES;
				CLANG_WARN_CONSTANT_CONVERSION = YES;
				CLANG_WARN_DEPRECATED_OBJC_IMPLEMENTATIONS = YES;
				CLANG_WARN_DIRECT_OBJC_ISA_USAGE = YES_ERROR;
				CLANG_WARN_DOCUMENTATION_COMMENTS = YES;
				CLANG_WARN_EMPTY_BODY = YES;
				CLANG_WARN_ENUM_CONVERSION = YES;
				CLANG_WARN_INFINITE_RECURSION = YES;
				CLANG_WARN_INT_CONVERSION = YES;
				CLANG_WARN_NON_LITERAL_NULL_CONVERSION = YES;
				CLANG_WARN_OBJC_IMPLICIT_RETAIN_SELF = YES;
				CLANG_WARN_OBJC_LITERAL_CONVERSION = YES;
				CLANG_WARN_OBJC_ROOT_CLASS = YES_ERROR;
				CLANG_WARN_QUOTED_INCLUDE_IN_FRAMEWORK_HEADER = YES;
				CLANG_WARN_RANGE_LOOP_ANALYSIS = YES;
				CLANG_WARN_STRICT_PROTOTYPES = YES;
				CLANG_WARN_SUSPICIOUS_MOVE = YES;
				CLANG_WARN_UNGUARDED_AVAILABILITY = YES_AGGRESSIVE;
				CLANG_WARN_UNREACHABLE_CODE = YES;
				CLANG_WARN__DUPLICATE_METHOD_MATCH = YES;
				COPY_PHASE_STRIP = NO;
				DEBUG_INFORMATION_FORMAT = dwarf;
				ENABLE_STRICT_OBJC_MSGSEND = YES;
				ENABLE_TESTABILITY = YES;
				ENABLE_USER_SCRIPT_SANDBOXING = YES;
				GCC_C_LANGUAGE_STANDARD = gnu17;
				GCC_DYNAMIC_NO_PIC = NO;
				GCC_NO_COMMON_BLOCKS = YES;
				GCC_OPTIMIZATION_LEVEL = 0;
				GCC_PREPROCESSOR_DEFINITIONS = (
					"DEBUG=1",
					"$(inherited)",
				);
				GCC_WARN_64_TO_32_BIT_CONVERSION = YES;
				GCC_WARN_ABOUT_RETURN_TYPE = YES_ERROR;
				GCC_WARN_UNDECLARED_SELECTOR = YES;
				GCC_WARN_UNINITIALIZED_AUTOS = YES_AGGRESSIVE;
				GCC_WARN_UNUSED_FUNCTION = YES;
				GCC_WARN_UNUSED_VARIABLE = YES;
				IPHONEOS_DEPLOYMENT_TARGET = 15.0;
				LOCALIZATION_PREFERS_STRING_CATALOGS = YES;
				MTL_ENABLE_DEBUG_INFO = INCLUDE_SOURCE;
				MTL_FAST_MATH = YES;
				ONLY_ACTIVE_ARCH = YES;
				SDKROOT = iphoneos;
				SWIFT_ACTIVE_COMPILATION_CONDITIONS = "DEBUG $(inherited)";
				SWIFT_OPTIMIZATION_LEVEL = "-Onone";
			};
			name = Debug;
		};
		4946D6C52BA814E600558F8A /* Release */ = {
			isa = XCBuildConfiguration;
			buildSettings = {
				ALWAYS_SEARCH_USER_PATHS = NO;
				ASSETCATALOG_COMPILER_GENERATE_SWIFT_ASSET_SYMBOL_EXTENSIONS = YES;
				CLANG_ANALYZER_NONNULL = YES;
				CLANG_ANALYZER_NUMBER_OBJECT_CONVERSION = YES_AGGRESSIVE;
				CLANG_CXX_LANGUAGE_STANDARD = "gnu++20";
				CLANG_ENABLE_MODULES = YES;
				CLANG_ENABLE_OBJC_ARC = YES;
				CLANG_ENABLE_OBJC_WEAK = YES;
				CLANG_WARN_BLOCK_CAPTURE_AUTORELEASING = YES;
				CLANG_WARN_BOOL_CONVERSION = YES;
				CLANG_WARN_COMMA = YES;
				CLANG_WARN_CONSTANT_CONVERSION = YES;
				CLANG_WARN_DEPRECATED_OBJC_IMPLEMENTATIONS = YES;
				CLANG_WARN_DIRECT_OBJC_ISA_USAGE = YES_ERROR;
				CLANG_WARN_DOCUMENTATION_COMMENTS = YES;
				CLANG_WARN_EMPTY_BODY = YES;
				CLANG_WARN_ENUM_CONVERSION = YES;
				CLANG_WARN_INFINITE_RECURSION = YES;
				CLANG_WARN_INT_CONVERSION = YES;
				CLANG_WARN_NON_LITERAL_NULL_CONVERSION = YES;
				CLANG_WARN_OBJC_IMPLICIT_RETAIN_SELF = YES;
				CLANG_WARN_OBJC_LITERAL_CONVERSION = YES;
				CLANG_WARN_OBJC_ROOT_CLASS = YES_ERROR;
				CLANG_WARN_QUOTED_INCLUDE_IN_FRAMEWORK_HEADER = YES;
				CLANG_WARN_RANGE_LOOP_ANALYSIS = YES;
				CLANG_WARN_STRICT_PROTOTYPES = YES;
				CLANG_WARN_SUSPICIOUS_MOVE = YES;
				CLANG_WARN_UNGUARDED_AVAILABILITY = YES_AGGRESSIVE;
				CLANG_WARN_UNREACHABLE_CODE = YES;
				CLANG_WARN__DUPLICATE_METHOD_MATCH = YES;
				COPY_PHASE_STRIP = NO;
				DEBUG_INFORMATION_FORMAT = "dwarf-with-dsym";
				ENABLE_NS_ASSERTIONS = NO;
				ENABLE_STRICT_OBJC_MSGSEND = YES;
				ENABLE_USER_SCRIPT_SANDBOXING = YES;
				GCC_C_LANGUAGE_STANDARD = gnu17;
				GCC_NO_COMMON_BLOCKS = YES;
				GCC_WARN_64_TO_32_BIT_CONVERSION = YES;
				GCC_WARN_ABOUT_RETURN_TYPE = YES_ERROR;
				GCC_WARN_UNDECLARED_SELECTOR = YES;
				GCC_WARN_UNINITIALIZED_AUTOS = YES_AGGRESSIVE;
				GCC_WARN_UNUSED_FUNCTION = YES;
				GCC_WARN_UNUSED_VARIABLE = YES;
				IPHONEOS_DEPLOYMENT_TARGET = 15.0;
				LOCALIZATION_PREFERS_STRING_CATALOGS = YES;
				MTL_ENABLE_DEBUG_INFO = NO;
				MTL_FAST_MATH = YES;
				SDKROOT = iphoneos;
				SWIFT_COMPILATION_MODE = wholemodule;
				VALIDATE_PRODUCT = YES;
			};
			name = Release;
		};
		4946D6C72BA814E600558F8A /* Debug */ = {
			isa = XCBuildConfiguration;
			buildSettings = {
				ALWAYS_EMBED_SWIFT_STANDARD_LIBRARIES = YES;
				ASSETCATALOG_COMPILER_APPICON_NAME = AppIcon;
				ASSETCATALOG_COMPILER_GLOBAL_ACCENT_COLOR_NAME = AccentColor;
				CODE_SIGN_ENTITLEMENTS = WordsFactory/WordsFactory.entitlements;
				CODE_SIGN_STYLE = Automatic;
				CURRENT_PROJECT_VERSION = 1;
				DEVELOPMENT_ASSET_PATHS = "WordsFactory/Resources/Preview\\ Content";
				DEVELOPMENT_TEAM = 9KT4MKX52L;
				ENABLE_PREVIEWS = YES;
				GENERATE_INFOPLIST_FILE = YES;
				INFOPLIST_FILE = WordsFactory/Resources/Info.plist;
				INFOPLIST_KEY_CFBundleDisplayName = "Words Factory";
				INFOPLIST_KEY_LSApplicationCategoryType = "public.app-category.education";
				INFOPLIST_KEY_UIApplicationSceneManifest_Generation = YES;
				INFOPLIST_KEY_UIApplicationSupportsIndirectInputEvents = YES;
				INFOPLIST_KEY_UISupportedInterfaceOrientations = UIInterfaceOrientationPortrait;
				INFOPLIST_KEY_UISupportedInterfaceOrientations_iPad = "UIInterfaceOrientationLandscapeLeft UIInterfaceOrientationLandscapeRight UIInterfaceOrientationPortrait UIInterfaceOrientationPortraitUpsideDown";
				IPHONEOS_DEPLOYMENT_TARGET = 15.0;
				LD_RUNPATH_SEARCH_PATHS = (
					"$(inherited)",
					"@executable_path/Frameworks",
				);
				MARKETING_VERSION = 1.0;
				PRODUCT_BUNDLE_IDENTIFIER = com.WordsFactory;
				PRODUCT_NAME = WordsFactory;
				SWIFT_EMIT_LOC_STRINGS = YES;
				SWIFT_VERSION = 5.0;
				TARGETED_DEVICE_FAMILY = "1,2";
			};
			name = Debug;
		};
		4946D6C82BA814E600558F8A /* Release */ = {
			isa = XCBuildConfiguration;
			buildSettings = {
				ALWAYS_EMBED_SWIFT_STANDARD_LIBRARIES = YES;
				ASSETCATALOG_COMPILER_APPICON_NAME = AppIcon;
				ASSETCATALOG_COMPILER_GLOBAL_ACCENT_COLOR_NAME = AccentColor;
				CODE_SIGN_ENTITLEMENTS = WordsFactory/WordsFactory.entitlements;
				CODE_SIGN_STYLE = Automatic;
				CURRENT_PROJECT_VERSION = 1;
				DEVELOPMENT_ASSET_PATHS = "WordsFactory/Resources/Preview\\ Content";
				DEVELOPMENT_TEAM = 9KT4MKX52L;
				ENABLE_PREVIEWS = YES;
				GENERATE_INFOPLIST_FILE = YES;
				INFOPLIST_FILE = WordsFactory/Resources/Info.plist;
				INFOPLIST_KEY_CFBundleDisplayName = "Words Factory";
				INFOPLIST_KEY_LSApplicationCategoryType = "public.app-category.education";
				INFOPLIST_KEY_UIApplicationSceneManifest_Generation = YES;
				INFOPLIST_KEY_UIApplicationSupportsIndirectInputEvents = YES;
				INFOPLIST_KEY_UISupportedInterfaceOrientations = UIInterfaceOrientationPortrait;
				INFOPLIST_KEY_UISupportedInterfaceOrientations_iPad = "UIInterfaceOrientationLandscapeLeft UIInterfaceOrientationLandscapeRight UIInterfaceOrientationPortrait UIInterfaceOrientationPortraitUpsideDown";
				IPHONEOS_DEPLOYMENT_TARGET = 15.0;
				LD_RUNPATH_SEARCH_PATHS = (
					"$(inherited)",
					"@executable_path/Frameworks",
				);
				MARKETING_VERSION = 1.0;
				PRODUCT_BUNDLE_IDENTIFIER = com.WordsFactory;
				PRODUCT_NAME = WordsFactory;
				SWIFT_EMIT_LOC_STRINGS = YES;
				SWIFT_VERSION = 5.0;
				TARGETED_DEVICE_FAMILY = "1,2";
			};
			name = Release;
		};
		49E385162BC311B7004EBCEF /* Debug */ = {
			isa = XCBuildConfiguration;
			buildSettings = {
				ASSETCATALOG_COMPILER_GLOBAL_ACCENT_COLOR_NAME = AccentColor;
				ASSETCATALOG_COMPILER_WIDGET_BACKGROUND_COLOR_NAME = WidgetBackground;
				CODE_SIGN_ENTITLEMENTS = Widgets/WidgetsExtension.entitlements;
				CODE_SIGN_STYLE = Automatic;
				CURRENT_PROJECT_VERSION = 1;
				DEVELOPMENT_TEAM = 9KT4MKX52L;
				GENERATE_INFOPLIST_FILE = YES;
				INFOPLIST_FILE = Widgets/Resources/Info.plist;
				INFOPLIST_KEY_CFBundleDisplayName = Widgets;
				INFOPLIST_KEY_NSHumanReadableCopyright = "";
				IPHONEOS_DEPLOYMENT_TARGET = 15.0;
				LD_RUNPATH_SEARCH_PATHS = (
					"$(inherited)",
					"@executable_path/Frameworks",
					"@executable_path/../../Frameworks",
				);
				MARKETING_VERSION = 1.0;
				PRODUCT_BUNDLE_IDENTIFIER = com.WordsFactory.Widgets;
				PRODUCT_NAME = "$(TARGET_NAME)";
				SKIP_INSTALL = YES;
				SWIFT_EMIT_LOC_STRINGS = YES;
				SWIFT_VERSION = 5.0;
				TARGETED_DEVICE_FAMILY = "1,2";
			};
			name = Debug;
		};
		49E385172BC311B7004EBCEF /* Release */ = {
			isa = XCBuildConfiguration;
			buildSettings = {
				ASSETCATALOG_COMPILER_GLOBAL_ACCENT_COLOR_NAME = AccentColor;
				ASSETCATALOG_COMPILER_WIDGET_BACKGROUND_COLOR_NAME = WidgetBackground;
				CODE_SIGN_ENTITLEMENTS = Widgets/WidgetsExtension.entitlements;
				CODE_SIGN_STYLE = Automatic;
				CURRENT_PROJECT_VERSION = 1;
				DEVELOPMENT_TEAM = 9KT4MKX52L;
				GENERATE_INFOPLIST_FILE = YES;
				INFOPLIST_FILE = Widgets/Resources/Info.plist;
				INFOPLIST_KEY_CFBundleDisplayName = Widgets;
				INFOPLIST_KEY_NSHumanReadableCopyright = "";
				IPHONEOS_DEPLOYMENT_TARGET = 15.0;
				LD_RUNPATH_SEARCH_PATHS = (
					"$(inherited)",
					"@executable_path/Frameworks",
					"@executable_path/../../Frameworks",
				);
				MARKETING_VERSION = 1.0;
				PRODUCT_BUNDLE_IDENTIFIER = com.WordsFactory.Widgets;
				PRODUCT_NAME = "$(TARGET_NAME)";
				SKIP_INSTALL = YES;
				SWIFT_EMIT_LOC_STRINGS = YES;
				SWIFT_VERSION = 5.0;
				TARGETED_DEVICE_FAMILY = "1,2";
			};
			name = Release;
		};
/* End XCBuildConfiguration section */

/* Begin XCConfigurationList section */
		4946D6B32BA814E500558F8A /* Build configuration list for PBXProject "WordsFactory" */ = {
			isa = XCConfigurationList;
			buildConfigurations = (
				4946D6C42BA814E600558F8A /* Debug */,
				4946D6C52BA814E600558F8A /* Release */,
			);
			defaultConfigurationIsVisible = 0;
			defaultConfigurationName = Release;
		};
		4946D6C62BA814E600558F8A /* Build configuration list for PBXNativeTarget "WordsFactory" */ = {
			isa = XCConfigurationList;
			buildConfigurations = (
				4946D6C72BA814E600558F8A /* Debug */,
				4946D6C82BA814E600558F8A /* Release */,
			);
			defaultConfigurationIsVisible = 0;
			defaultConfigurationName = Release;
		};
		49E385182BC311B7004EBCEF /* Build configuration list for PBXNativeTarget "WidgetsExtension" */ = {
			isa = XCConfigurationList;
			buildConfigurations = (
				49E385162BC311B7004EBCEF /* Debug */,
				49E385172BC311B7004EBCEF /* Release */,
			);
			defaultConfigurationIsVisible = 0;
			defaultConfigurationName = Release;
		};
/* End XCConfigurationList section */

/* Begin XCSwiftPackageProductDependency section */
		4900A2A42BC13E780067FE0D /* MainTabBar */ = {
			isa = XCSwiftPackageProductDependency;
			productName = MainTabBar;
		};
		4903F7322BB9799100578062 /* Training */ = {
			isa = XCSwiftPackageProductDependency;
			productName = Training;
		};
		490E00992BD81C16003C860A /* AppGroup */ = {
			isa = XCSwiftPackageProductDependency;
			productName = AppGroup;
		};
		491017942BD590AB004C076E /* Onboarding */ = {
			isa = XCSwiftPackageProductDependency;
			productName = Onboarding;
		};
		4915A0DA2BB97A4500751B6C /* Networking */ = {
			isa = XCSwiftPackageProductDependency;
			productName = Networking;
		};
		4915A0DC2BB97A5700751B6C /* Video */ = {
			isa = XCSwiftPackageProductDependency;
			productName = Video;
		};
		494D55842BC682660044982F /* Notifications */ = {
			isa = XCSwiftPackageProductDependency;
			productName = Notifications;
		};
		4960EE742BD76F8800EED61B /* UserModule */ = {
			isa = XCSwiftPackageProductDependency;
			productName = UserModule;
		};
		4960EE7E2BD7821400EED61B /* UserModule */ = {
			isa = XCSwiftPackageProductDependency;
			productName = UserModule;
		};
		4990F6E42BBC193F009F5086 /* WordModule */ = {
			isa = XCSwiftPackageProductDependency;
			productName = WordModule;
		};
		49CAC3072BB978D500A09571 /* Auth */ = {
			isa = XCSwiftPackageProductDependency;
			productName = Auth;
		};
		49CAC3092BB978D500A09571 /* CommonUI */ = {
			isa = XCSwiftPackageProductDependency;
			productName = CommonUI;
		};
		49CAC30B2BB978D500A09571 /* Dictionary */ = {
			isa = XCSwiftPackageProductDependency;
			productName = Dictionary;
		};
		49E385272BC31846004EBCEF /* CommonUI */ = {
			isa = XCSwiftPackageProductDependency;
			productName = CommonUI;
		};
		49E385292BC31AED004EBCEF /* WordModule */ = {
			isa = XCSwiftPackageProductDependency;
			productName = WordModule;
		};
		49E3852C2BC31C97004EBCEF /* Networking */ = {
			isa = XCSwiftPackageProductDependency;
			productName = Networking;
		};
/* End XCSwiftPackageProductDependency section */
	};
	rootObject = 4946D6B02BA814E500558F8A /* Project object */;
}
